
Microsoft Visual Studio Solution File, Format Version 12.00
# Visual Studio Version 17
VisualStudioVersion = 17.2.32630.192
MinimumVisualStudioVersion = 10.0.40219.1
Project("{9A19103F-16F7-4668-BE54-9A1E7A4F7556}") = "weatherForcastWebAPI", "weatherForcastWebAPI.csproj", "{C1F1D551-5D71-444C-929F-681733EF358B}"
EndProject
Global
	GlobalSection(SolutionConfigurationPlatforms) = preSolution
		Debug|Any CPU = Debug|Any CPU
		Release|Any CPU = Release|Any CPU
	EndGlobalSection
	GlobalSection(ProjectConfigurationPlatforms) = postSolution
		{C1F1D551-5D71-444C-929F-681733EF358B}.Debug|Any CPU.ActiveCfg = Debug|Any CPU
		{C1F1D551-5D71-444C-929F-681733EF358B}.Debug|Any CPU.Build.0 = Debug|Any CPU
		{C1F1D551-5D71-444C-929F-681733EF358B}.Release|Any CPU.ActiveCfg = Release|Any CPU
		{C1F1D551-5D71-444C-929F-681733EF358B}.Release|Any CPU.Build.0 = Release|Any CPU
	EndGlobalSection
	GlobalSection(SolutionProperties) = preSolution
		HideSolutionNode = FALSE
	EndGlobalSection
	GlobalSection(ExtensibilityGlobals) = postSolution
		SolutionGuid = {708C994E-EE9D-440F-B995-CAECC93AD288}
	EndGlobalSection
EndGlobal
